
Microsoft Visual Studio Solution File, Format Version 12.00
# Visual Studio Version 17
VisualStudioVersion = 17.5.33530.505
MinimumVisualStudioVersion = 10.0.40219.1
Project("{FAE04EC0-301F-11D3-BF4B-00C04F79EFBC}") = "Carpim_Tablosu_WinForm", "Carpim_Tablosu_WinForm\Carpim_Tablosu_WinForm.csproj", "{02EF8FFD-AE3A-4A05-929C-9E2B4D391DE8}"
EndProject
Global
	GlobalSection(SolutionConfigurationPlatforms) = preSolution
		Debug|Any CPU = Debug|Any CPU
		Release|Any CPU = Release|Any CPU
	EndGlobalSection
	GlobalSection(ProjectConfigurationPlatforms) = postSolution
		{02EF8FFD-AE3A-4A05-929C-9E2B4D391DE8}.Debug|Any CPU.ActiveCfg = Debug|Any CPU
		{02EF8FFD-AE3A-4A05-929C-9E2B4D391DE8}.Debug|Any CPU.Build.0 = Debug|Any CPU
		{02EF8FFD-AE3A-4A05-929C-9E2B4D391DE8}.Release|Any CPU.ActiveCfg = Release|Any CPU
		{02EF8FFD-AE3A-4A05-929C-9E2B4D391DE8}.Release|Any CPU.Build.0 = Release|Any CPU
	EndGlobalSection
	GlobalSection(SolutionProperties) = preSolution
		HideSolutionNode = FALSE
	EndGlobalSection
	GlobalSection(ExtensibilityGlobals) = postSolution
		SolutionGuid = {9DA1A21E-184E-4BEE-8977-432CD09194AD}
	EndGlobalSection
EndGlobal
